
Microsoft Visual Studio Solution File, Format Version 12.00
Project("{FAE04EC0-301F-11D3-BF4B-00C04F79EFBC}") = "BMS.Api", "BMS.Api\BMS.Api.csproj", "{179CEBC3-B168-407A-8938-0C30170BFCA3}"
EndProject
Project("{2150E333-8FDC-42A3-9474-1A3956D46DE8}") = "BC_Company", "BC_Company", "{3F5C77BE-3B78-49A8-99A3-8F8A18CEF572}"
EndProject
Project("{FAE04EC0-301F-11D3-BF4B-00C04F79EFBC}") = "BMS.Company.Domain", "BC_Company\BMS.Company.Domain\BMS.Company.Domain.csproj", "{21CE42D2-F3E6-4D33-9B90-80F19347E9B2}"
EndProject
Project("{FAE04EC0-301F-11D3-BF4B-00C04F79EFBC}") = "BMS.Company.Domain.Test", "BC_Company\BMS.Company.Domain.Test\BMS.Company.Domain.Test.csproj", "{88E15076-C1CD-4AFE-B234-49857967EBC0}"
EndProject
Project("{FAE04EC0-301F-11D3-BF4B-00C04F79EFBC}") = "BMS.Company.Cmd", "BC_Company\BMS.Company.Cmd\BMS.Company.Cmd.csproj", "{D24080E1-F58F-4C7E-8B3C-25AD11D315B4}"
EndProject
Project("{FAE04EC0-301F-11D3-BF4B-00C04F79EFBC}") = "BMS.Company.Data", "BC_Company\BMS.Company.Data\BMS.Company.Data.csproj", "{16057EFC-2CB3-4F50-9E0C-3E5748CD9C4A}"
EndProject
Project("{FAE04EC0-301F-11D3-BF4B-00C04F79EFBC}") = "Bms.Company.Application", "BC_Company\Bms.Company.Application\Bms.Company.Application.csproj", "{ECB94DEE-A350-42DD-B547-29F558A71FB2}"
EndProject
Project("{FAE04EC0-301F-11D3-BF4B-00C04F79EFBC}") = "SharedKernel", "SharedKernel\SharedKernel.csproj", "{09EC06DB-6C59-4F25-80D5-A164D4AEEEBD}"
EndProject
Global
	GlobalSection(SolutionConfigurationPlatforms) = preSolution
		Debug|Any CPU = Debug|Any CPU
		Release|Any CPU = Release|Any CPU
	EndGlobalSection
	GlobalSection(ProjectConfigurationPlatforms) = postSolution
		{179CEBC3-B168-407A-8938-0C30170BFCA3}.Debug|Any CPU.ActiveCfg = Debug|Any CPU
		{179CEBC3-B168-407A-8938-0C30170BFCA3}.Debug|Any CPU.Build.0 = Debug|Any CPU
		{179CEBC3-B168-407A-8938-0C30170BFCA3}.Release|Any CPU.ActiveCfg = Release|Any CPU
		{179CEBC3-B168-407A-8938-0C30170BFCA3}.Release|Any CPU.Build.0 = Release|Any CPU
		{21CE42D2-F3E6-4D33-9B90-80F19347E9B2}.Debug|Any CPU.ActiveCfg = Debug|Any CPU
		{21CE42D2-F3E6-4D33-9B90-80F19347E9B2}.Debug|Any CPU.Build.0 = Debug|Any CPU
		{21CE42D2-F3E6-4D33-9B90-80F19347E9B2}.Release|Any CPU.ActiveCfg = Release|Any CPU
		{21CE42D2-F3E6-4D33-9B90-80F19347E9B2}.Release|Any CPU.Build.0 = Release|Any CPU
		{88E15076-C1CD-4AFE-B234-49857967EBC0}.Debug|Any CPU.ActiveCfg = Debug|Any CPU
		{88E15076-C1CD-4AFE-B234-49857967EBC0}.Debug|Any CPU.Build.0 = Debug|Any CPU
		{88E15076-C1CD-4AFE-B234-49857967EBC0}.Release|Any CPU.ActiveCfg = Release|Any CPU
		{88E15076-C1CD-4AFE-B234-49857967EBC0}.Release|Any CPU.Build.0 = Release|Any CPU
		{D24080E1-F58F-4C7E-8B3C-25AD11D315B4}.Debug|Any CPU.ActiveCfg = Debug|Any CPU
		{D24080E1-F58F-4C7E-8B3C-25AD11D315B4}.Debug|Any CPU.Build.0 = Debug|Any CPU
		{D24080E1-F58F-4C7E-8B3C-25AD11D315B4}.Release|Any CPU.ActiveCfg = Release|Any CPU
		{D24080E1-F58F-4C7E-8B3C-25AD11D315B4}.Release|Any CPU.Build.0 = Release|Any CPU
		{16057EFC-2CB3-4F50-9E0C-3E5748CD9C4A}.Debug|Any CPU.ActiveCfg = Debug|Any CPU
		{16057EFC-2CB3-4F50-9E0C-3E5748CD9C4A}.Debug|Any CPU.Build.0 = Debug|Any CPU
		{16057EFC-2CB3-4F50-9E0C-3E5748CD9C4A}.Release|Any CPU.ActiveCfg = Release|Any CPU
		{16057EFC-2CB3-4F50-9E0C-3E5748CD9C4A}.Release|Any CPU.Build.0 = Release|Any CPU
		{ECB94DEE-A350-42DD-B547-29F558A71FB2}.Debug|Any CPU.ActiveCfg = Debug|Any CPU
		{ECB94DEE-A350-42DD-B547-29F558A71FB2}.Debug|Any CPU.Build.0 = Debug|Any CPU
		{ECB94DEE-A350-42DD-B547-29F558A71FB2}.Release|Any CPU.ActiveCfg = Release|Any CPU
		{ECB94DEE-A350-42DD-B547-29F558A71FB2}.Release|Any CPU.Build.0 = Release|Any CPU
		{09EC06DB-6C59-4F25-80D5-A164D4AEEEBD}.Debug|Any CPU.ActiveCfg = Debug|Any CPU
		{09EC06DB-6C59-4F25-80D5-A164D4AEEEBD}.Debug|Any CPU.Build.0 = Debug|Any CPU
		{09EC06DB-6C59-4F25-80D5-A164D4AEEEBD}.Release|Any CPU.ActiveCfg = Release|Any CPU
		{09EC06DB-6C59-4F25-80D5-A164D4AEEEBD}.Release|Any CPU.Build.0 = Release|Any CPU
	EndGlobalSection
	GlobalSection(NestedProjects) = preSolution
		{21CE42D2-F3E6-4D33-9B90-80F19347E9B2} = {3F5C77BE-3B78-49A8-99A3-8F8A18CEF572}
		{88E15076-C1CD-4AFE-B234-49857967EBC0} = {3F5C77BE-3B78-49A8-99A3-8F8A18CEF572}
		{D24080E1-F58F-4C7E-8B3C-25AD11D315B4} = {3F5C77BE-3B78-49A8-99A3-8F8A18CEF572}
		{16057EFC-2CB3-4F50-9E0C-3E5748CD9C4A} = {3F5C77BE-3B78-49A8-99A3-8F8A18CEF572}
		{ECB94DEE-A350-42DD-B547-29F558A71FB2} = {3F5C77BE-3B78-49A8-99A3-8F8A18CEF572}
	EndGlobalSection
EndGlobal
